<?xml version="1.0" encoding="utf-8"?>
<Project ToolsVersion="4.0" xmlns="http://schemas.microsoft.com/developer/msbuild/2003">
  <ItemGroup>
    <ClInclude Include="animated.h" />
    <ClInclude Include="frustum.h" />
    <ClInclude Include="GameState_Menu.h" />
    <ClInclude Include="quaternion.h" />
    <ClInclude Include="stdafx.h" />
    <ClInclude Include="WowTypes.h" />
    <ClInclude Include="shaders.h" />
    <ClInclude Include="MapChunk.h">
      <Filter>Map</Filter>
    </ClInclude>
    <ClInclude Include="MapTile.h">
      <Filter>Map</Filter>
    </ClInclude>
    <ClInclude Include="World.h" />
    <ClInclude Include="MapWaterChunk.h">
      <Filter>Map</Filter>
    </ClInclude>
    <ClInclude Include="Wmo.h">
      <Filter>WMO</Filter>
    </ClInclude>
    <ClInclude Include="DayNightCycle.h">
      <Filter>Environment</Filter>
    </ClInclude>
    <ClInclude Include="sky.h">
      <Filter>Environment</Filter>
    </ClInclude>
    <ClInclude Include="Wmo_Group.h">
      <Filter>WMO</Filter>
    </ClInclude>
    <ClInclude Include="Wmo_Fog.h">
      <Filter>WMO</Filter>
    </ClInclude>
    <ClInclude Include="modelheaders.h">
      <Filter>Model</Filter>
    </ClInclude>
    <ClInclude Include="liquid.h">
      <Filter>Liquid</Filter>
    </ClInclude>
    <ClInclude Include="Wmo_Material.h">
      <Filter>WMO</Filter>
    </ClInclude>
    <ClInclude Include="WMO_Instance.h">
      <Filter>WMO</Filter>
    </ClInclude>
    <ClInclude Include="WMO_Light.h">
      <Filter>WMO</Filter>
    </ClInclude>
    <ClInclude Include="Model_Bone.h">
      <Filter>Model</Filter>
    </ClInclude>
    <ClInclude Include="Model_Camera.h">
      <Filter>Model</Filter>
    </ClInclude>
    <ClInclude Include="Model_Instance.h">
      <Filter>Model</Filter>
    </ClInclude>
    <ClInclude Include="Model_Light.h">
      <Filter>Model</Filter>
    </ClInclude>
    <ClInclude Include="ModelsUtils.h">
      <Filter>Model</Filter>
    </ClInclude>
    <ClInclude Include="Model_RenderPass.h">
      <Filter>Model</Filter>
    </ClInclude>
    <ClInclude Include="ModelsManager.h">
      <Filter>Model</Filter>
    </ClInclude>
    <ClInclude Include="WMOsManager.h">
      <Filter>WMO</Filter>
    </ClInclude>
    <ClInclude Include="Model.h">
      <Filter>Model</Filter>
    </ClInclude>
    <ClInclude Include="Map.h">
      <Filter>Map</Filter>
    </ClInclude>
    <ClInclude Include="Map_GlobalWMOs.h">
      <Filter>Map</Filter>
    </ClInclude>
    <ClInclude Include="Model_Color.h">
      <Filter>Model</Filter>
    </ClInclude>
    <ClInclude Include="Model_Transparency.h">
      <Filter>Model</Filter>
    </ClInclude>
    <ClInclude Include="Model_TextureAnim.h">
      <Filter>Model</Filter>
    </ClInclude>
    <ClInclude Include="ParticleSystem.h">
      <Filter>Model\Particle</Filter>
    </ClInclude>
    <ClInclude Include="RibbonEmitter.h">
      <Filter>Model\Particle</Filter>
    </ClInclude>
    <ClInclude Include="Particle.h">
      <Filter>Model\Particle</Filter>
    </ClInclude>
    <ClInclude Include="Matrix.h" />
  </ItemGroup>
  <ItemGroup>
    <ClCompile Include="frustum.cpp" />
    <ClCompile Include="GameState_Menu.cpp" />
    <ClCompile Include="stdafx.cpp" />
    <ClCompile Include="shaders.cpp" />
    <ClCompile Include="MapChunk.cpp">
      <Filter>Map</Filter>
    </ClCompile>
    <ClCompile Include="MapTile.cpp">
      <Filter>Map</Filter>
    </ClCompile>
    <ClCompile Include="World.cpp" />
    <ClCompile Include="MapWaterChunk.cpp">
      <Filter>Map</Filter>
    </ClCompile>
    <ClCompile Include="Wmo.cpp">
      <Filter>WMO</Filter>
    </ClCompile>
    <ClCompile Include="DayNightCycle.cpp">
      <Filter>Environment</Filter>
    </ClCompile>
    <ClCompile Include="sky.cpp">
      <Filter>Environment</Filter>
    </ClCompile>
    <ClCompile Include="Wmo_Group.cpp">
      <Filter>WMO</Filter>
    </ClCompile>
    <ClCompile Include="Wmo_Fog.cpp">
      <Filter>WMO</Filter>
    </ClCompile>
    <ClCompile Include="liquid.cpp">
      <Filter>Liquid</Filter>
    </ClCompile>
    <ClCompile Include="Wmo_Material.cpp">
      <Filter>WMO</Filter>
    </ClCompile>
    <ClCompile Include="main.cpp" />
    <ClCompile Include="WMO_Instance.cpp">
      <Filter>WMO</Filter>
    </ClCompile>
    <ClCompile Include="WMO_Light.cpp">
      <Filter>WMO</Filter>
    </ClCompile>
    <ClCompile Include="Model_Bone.cpp">
      <Filter>Model</Filter>
    </ClCompile>
    <ClCompile Include="Model_Camera.cpp">
      <Filter>Model</Filter>
    </ClCompile>
    <ClCompile Include="Model_Instance.cpp">
      <Filter>Model</Filter>
    </ClCompile>
    <ClCompile Include="Model_Light.cpp">
      <Filter>Model</Filter>
    </ClCompile>
    <ClCompile Include="ModelsUtils.cpp">
      <Filter>Model</Filter>
    </ClCompile>
    <ClCompile Include="Model_RenderPass.cpp">
      <Filter>Model</Filter>
    </ClCompile>
    <ClCompile Include="ModelsManager.cpp">
      <Filter>Model</Filter>
    </ClCompile>
    <ClCompile Include="WMOsManager.cpp">
      <Filter>WMO</Filter>
    </ClCompile>
    <ClCompile Include="Model.cpp">
      <Filter>Model</Filter>
    </ClCompile>
    <ClCompile Include="Map.cpp">
      <Filter>Map</Filter>
    </ClCompile>
    <ClCompile Include="Map_GlobalWMOs.cpp">
      <Filter>Map</Filter>
    </ClCompile>
    <ClCompile Include="Model_Color.cpp">
      <Filter>Model</Filter>
    </ClCompile>
    <ClCompile Include="Model_Transparency.cpp">
      <Filter>Model</Filter>
    </ClCompile>
    <ClCompile Include="Model_TextureAnim.cpp">
      <Filter>Model</Filter>
    </ClCompile>
    <ClCompile Include="ParticleSystem.cpp">
      <Filter>Model\Particle</Filter>
    </ClCompile>
    <ClCompile Include="ParticleEmitters.cpp">
      <Filter>Model\Particle</Filter>
    </ClCompile>
    <ClCompile Include="RibbonEmitter.cpp">
      <Filter>Model\Particle</Filter>
    </ClCompile>
    <ClCompile Include="Particle.cpp">
      <Filter>Model\Particle</Filter>
    </ClCompile>
  </ItemGroup>
  <ItemGroup>
    <Filter Include="Map">
      <UniqueIdentifier>{efe41165-7df3-4f4e-9cde-1bb1b21053c6}</UniqueIdentifier>
    </Filter>
    <Filter Include="WMO">
      <UniqueIdentifier>{462b8ff1-746c-4fde-8bb0-9438ba1406ab}</UniqueIdentifier>
    </Filter>
    <Filter Include="Environment">
      <UniqueIdentifier>{b33963f5-50ac-4649-8480-7176f28c9ecb}</UniqueIdentifier>
    </Filter>
    <Filter Include="Liquid">
      <UniqueIdentifier>{a9971b09-250b-467b-9410-1b11376a202c}</UniqueIdentifier>
    </Filter>
    <Filter Include="Model">
      <UniqueIdentifier>{18d02b5d-5db9-43bd-96a8-5cd01c4b39ae}</UniqueIdentifier>
    </Filter>
    <Filter Include="Model\Particle">
      <UniqueIdentifier>{5e67aebb-ce1b-45f2-9b54-7e3bf30426cf}</UniqueIdentifier>
    </Filter>
  </ItemGroup>
</Project>