
Microsoft Visual Studio Solution File, Format Version 12.00
# Visual Studio 15
VisualStudioVersion = 15.0.26730.12
MinimumVisualStudioVersion = 10.0.40219.1
Project("{8BC9CEB8-8B4A-11D0-8D11-00A0C91BC942}") = "owCore", "owCore\owCore.vcxproj", "{A4E6F769-0036-4128-A409-495D9207F587}"
	ProjectSection(ProjectDependencies) = postProject
		{0CC7FA61-23DE-4D9F-A6F4-FDA327AB5984} = {0CC7FA61-23DE-4D9F-A6F4-FDA327AB5984}
	EndProjectSection
EndProject
Project("{8BC9CEB8-8B4A-11D0-8D11-00A0C91BC942}") = "owGame", "owGame\owGame.vcxproj", "{25E4827B-D0DD-4758-B70F-DEA7217E7E70}"
	ProjectSection(ProjectDependencies) = postProject
		{4BDE3C61-6FD1-49B2-AD4B-FEDFA2400700} = {4BDE3C61-6FD1-49B2-AD4B-FEDFA2400700}
		{0CC7FA61-23DE-4D9F-A6F4-FDA327AB5984} = {0CC7FA61-23DE-4D9F-A6F4-FDA327AB5984}
		{A4E6F769-0036-4128-A409-495D9207F587} = {A4E6F769-0036-4128-A409-495D9207F587}
		{E722B6DA-F485-4EAA-8E72-205CE3D4CEB5} = {E722B6DA-F485-4EAA-8E72-205CE3D4CEB5}
	EndProjectSection
EndProject
Project("{8BC9CEB8-8B4A-11D0-8D11-00A0C91BC942}") = "owRender", "owRender\owRender.vcxproj", "{E722B6DA-F485-4EAA-8E72-205CE3D4CEB5}"
	ProjectSection(ProjectDependencies) = postProject
		{A4E6F769-0036-4128-A409-495D9207F587} = {A4E6F769-0036-4128-A409-495D9207F587}
		{D9837E8D-ACEE-4D36-A7AF-A4B7566E5A8D} = {D9837E8D-ACEE-4D36-A7AF-A4B7566E5A8D}
	EndProjectSection
EndProject
Project("{8BC9CEB8-8B4A-11D0-8D11-00A0C91BC942}") = "owDBC", "owDBC\owDBC.vcxproj", "{16F78E77-E985-44DB-9EFA-A2345A6BBC6A}"
	ProjectSection(ProjectDependencies) = postProject
		{A4E6F769-0036-4128-A409-495D9207F587} = {A4E6F769-0036-4128-A409-495D9207F587}
	EndProjectSection
EndProject
Project("{8BC9CEB8-8B4A-11D0-8D11-00A0C91BC942}") = "owEngine_cata", "owEngine_cata\owEngine_cata.vcxproj", "{645797A4-A484-4D99-A130-88BD45546BD5}"
	ProjectSection(ProjectDependencies) = postProject
		{4BDE3C61-6FD1-49B2-AD4B-FEDFA2400700} = {4BDE3C61-6FD1-49B2-AD4B-FEDFA2400700}
		{0CC7FA61-23DE-4D9F-A6F4-FDA327AB5984} = {0CC7FA61-23DE-4D9F-A6F4-FDA327AB5984}
		{A4E6F769-0036-4128-A409-495D9207F587} = {A4E6F769-0036-4128-A409-495D9207F587}
		{16F78E77-E985-44DB-9EFA-A2345A6BBC6A} = {16F78E77-E985-44DB-9EFA-A2345A6BBC6A}
		{3E02CB79-5276-4FF6-AA91-9BDF2AD8A25A} = {3E02CB79-5276-4FF6-AA91-9BDF2AD8A25A}
		{25E4827B-D0DD-4758-B70F-DEA7217E7E70} = {25E4827B-D0DD-4758-B70F-DEA7217E7E70}
		{B745AABA-F140-4950-A198-ED416E65C2CA} = {B745AABA-F140-4950-A198-ED416E65C2CA}
		{E722B6DA-F485-4EAA-8E72-205CE3D4CEB5} = {E722B6DA-F485-4EAA-8E72-205CE3D4CEB5}
	EndProjectSection
EndProject
Project("{8BC9CEB8-8B4A-11D0-8D11-00A0C91BC942}") = "owTest", "owTest\owTest.vcxproj", "{3BCC105A-6AEE-4C9E-A8C7-3FB9336EA2A2}"
	ProjectSection(ProjectDependencies) = postProject
		{A4E6F769-0036-4128-A409-495D9207F587} = {A4E6F769-0036-4128-A409-495D9207F587}
		{25E4827B-D0DD-4758-B70F-DEA7217E7E70} = {25E4827B-D0DD-4758-B70F-DEA7217E7E70}
		{E722B6DA-F485-4EAA-8E72-205CE3D4CEB5} = {E722B6DA-F485-4EAA-8E72-205CE3D4CEB5}
	EndProjectSection
EndProject
Project("{2150E333-8FDC-42A3-9474-1A3956D46DE8}") = "Shaders", "Shaders", "{57229CFC-3ED4-4E66-A65A-87F7802A3477}"
EndProject
Project("{8BC9CEB8-8B4A-11D0-8D11-00A0C91BC942}") = "owGUI", "owGUI\owGUI.vcxproj", "{4BDE3C61-6FD1-49B2-AD4B-FEDFA2400700}"
	ProjectSection(ProjectDependencies) = postProject
		{A4E6F769-0036-4128-A409-495D9207F587} = {A4E6F769-0036-4128-A409-495D9207F587}
		{E722B6DA-F485-4EAA-8E72-205CE3D4CEB5} = {E722B6DA-F485-4EAA-8E72-205CE3D4CEB5}
	EndProjectSection
EndProject
Project("{2150E333-8FDC-42A3-9474-1A3956D46DE8}") = "shared", "shared", "{C8B50526-DF4C-4967-B575-671360520ACF}"
	ProjectSection(SolutionItems) = preProject
		shared\owCore.h = shared\owCore.h
		shared\owDBC.h = shared\owDBC.h
		shared\owGame.h = shared\owGame.h
		shared\owGUI.h = shared\owGUI.h
		shared\owRender.h = shared\owRender.h
	EndProjectSection
EndProject
Project("{8BC9CEB8-8B4A-11D0-8D11-00A0C91BC942}") = "owShared", "owShared\owShared.vcxproj", "{B745AABA-F140-4950-A198-ED416E65C2CA}"
	ProjectSection(ProjectDependencies) = postProject
		{0CC7FA61-23DE-4D9F-A6F4-FDA327AB5984} = {0CC7FA61-23DE-4D9F-A6F4-FDA327AB5984}
		{A4E6F769-0036-4128-A409-495D9207F587} = {A4E6F769-0036-4128-A409-495D9207F587}
	EndProjectSection
EndProject
Project("{8BC9CEB8-8B4A-11D0-8D11-00A0C91BC942}") = "owMDX", "owMDX\owMDX.vcxproj", "{3E02CB79-5276-4FF6-AA91-9BDF2AD8A25A}"
	ProjectSection(ProjectDependencies) = postProject
		{0CC7FA61-23DE-4D9F-A6F4-FDA327AB5984} = {0CC7FA61-23DE-4D9F-A6F4-FDA327AB5984}
		{A4E6F769-0036-4128-A409-495D9207F587} = {A4E6F769-0036-4128-A409-495D9207F587}
		{B745AABA-F140-4950-A198-ED416E65C2CA} = {B745AABA-F140-4950-A198-ED416E65C2CA}
		{E722B6DA-F485-4EAA-8E72-205CE3D4CEB5} = {E722B6DA-F485-4EAA-8E72-205CE3D4CEB5}
	EndProjectSection
EndProject
Project("{2150E333-8FDC-42A3-9474-1A3956D46DE8}") = "3rd party", "3rd party", "{7117DD40-5090-4982-B565-034F60A0D3B1}"
EndProject
Project("{8BC9CEB8-8B4A-11D0-8D11-00A0C91BC942}") = "zlib", "Externals\zlib\zlib.vcxproj", "{DE5C4BA2-A55A-4700-B1D1-E0BE0F446553}"
EndProject
Project("{8BC9CEB8-8B4A-11D0-8D11-00A0C91BC942}") = "libmpq", "Externals\libmpq\libmpq.vcxproj", "{0CC7FA61-23DE-4D9F-A6F4-FDA327AB5984}"
	ProjectSection(ProjectDependencies) = postProject
		{DE5C4BA2-A55A-4700-B1D1-E0BE0F446553} = {DE5C4BA2-A55A-4700-B1D1-E0BE0F446553}
	EndProjectSection
EndProject
Project("{8BC9CEB8-8B4A-11D0-8D11-00A0C91BC942}") = "soil", "Externals\soil\soil.vcxproj", "{D9837E8D-ACEE-4D36-A7AF-A4B7566E5A8D}"
EndProject
Project("{8BC9CEB8-8B4A-11D0-8D11-00A0C91BC942}") = "owMDXViewer", "owMDXViewer\owMDXViewer.vcxproj", "{25DF2DC6-9E74-4F59-8961-9949335A58BC}"
	ProjectSection(ProjectDependencies) = postProject
		{4BDE3C61-6FD1-49B2-AD4B-FEDFA2400700} = {4BDE3C61-6FD1-49B2-AD4B-FEDFA2400700}
		{A4E6F769-0036-4128-A409-495D9207F587} = {A4E6F769-0036-4128-A409-495D9207F587}
		{3E02CB79-5276-4FF6-AA91-9BDF2AD8A25A} = {3E02CB79-5276-4FF6-AA91-9BDF2AD8A25A}
		{25E4827B-D0DD-4758-B70F-DEA7217E7E70} = {25E4827B-D0DD-4758-B70F-DEA7217E7E70}
		{B745AABA-F140-4950-A198-ED416E65C2CA} = {B745AABA-F140-4950-A198-ED416E65C2CA}
		{E722B6DA-F485-4EAA-8E72-205CE3D4CEB5} = {E722B6DA-F485-4EAA-8E72-205CE3D4CEB5}
	EndProjectSection
EndProject
Global
	GlobalSection(SolutionConfigurationPlatforms) = preSolution
		Debug|x64 = Debug|x64
		Debug|x86 = Debug|x86
		Release|x64 = Release|x64
		Release|x86 = Release|x86
	EndGlobalSection
	GlobalSection(ProjectConfigurationPlatforms) = postSolution
		{A4E6F769-0036-4128-A409-495D9207F587}.Debug|x64.ActiveCfg = Debug|x64
		{A4E6F769-0036-4128-A409-495D9207F587}.Debug|x64.Build.0 = Debug|x64
		{A4E6F769-0036-4128-A409-495D9207F587}.Debug|x86.ActiveCfg = Debug|Win32
		{A4E6F769-0036-4128-A409-495D9207F587}.Debug|x86.Build.0 = Debug|Win32
		{A4E6F769-0036-4128-A409-495D9207F587}.Release|x64.ActiveCfg = Release|x64
		{A4E6F769-0036-4128-A409-495D9207F587}.Release|x64.Build.0 = Release|x64
		{A4E6F769-0036-4128-A409-495D9207F587}.Release|x86.ActiveCfg = Release|Win32
		{A4E6F769-0036-4128-A409-495D9207F587}.Release|x86.Build.0 = Release|Win32
		{25E4827B-D0DD-4758-B70F-DEA7217E7E70}.Debug|x64.ActiveCfg = Debug|x64
		{25E4827B-D0DD-4758-B70F-DEA7217E7E70}.Debug|x64.Build.0 = Debug|x64
		{25E4827B-D0DD-4758-B70F-DEA7217E7E70}.Debug|x86.ActiveCfg = Debug|Win32
		{25E4827B-D0DD-4758-B70F-DEA7217E7E70}.Debug|x86.Build.0 = Debug|Win32
		{25E4827B-D0DD-4758-B70F-DEA7217E7E70}.Release|x64.ActiveCfg = Release|x64
		{25E4827B-D0DD-4758-B70F-DEA7217E7E70}.Release|x64.Build.0 = Release|x64
		{25E4827B-D0DD-4758-B70F-DEA7217E7E70}.Release|x86.ActiveCfg = Release|Win32
		{25E4827B-D0DD-4758-B70F-DEA7217E7E70}.Release|x86.Build.0 = Release|Win32
		{E722B6DA-F485-4EAA-8E72-205CE3D4CEB5}.Debug|x64.ActiveCfg = Debug|x64
		{E722B6DA-F485-4EAA-8E72-205CE3D4CEB5}.Debug|x64.Build.0 = Debug|x64
		{E722B6DA-F485-4EAA-8E72-205CE3D4CEB5}.Debug|x86.ActiveCfg = Debug|Win32
		{E722B6DA-F485-4EAA-8E72-205CE3D4CEB5}.Debug|x86.Build.0 = Debug|Win32
		{E722B6DA-F485-4EAA-8E72-205CE3D4CEB5}.Release|x64.ActiveCfg = Release|x64
		{E722B6DA-F485-4EAA-8E72-205CE3D4CEB5}.Release|x64.Build.0 = Release|x64
		{E722B6DA-F485-4EAA-8E72-205CE3D4CEB5}.Release|x86.ActiveCfg = Release|Win32
		{E722B6DA-F485-4EAA-8E72-205CE3D4CEB5}.Release|x86.Build.0 = Release|Win32
		{16F78E77-E985-44DB-9EFA-A2345A6BBC6A}.Debug|x64.ActiveCfg = Debug|x64
		{16F78E77-E985-44DB-9EFA-A2345A6BBC6A}.Debug|x64.Build.0 = Debug|x64
		{16F78E77-E985-44DB-9EFA-A2345A6BBC6A}.Debug|x86.ActiveCfg = Debug|Win32
		{16F78E77-E985-44DB-9EFA-A2345A6BBC6A}.Debug|x86.Build.0 = Debug|Win32
		{16F78E77-E985-44DB-9EFA-A2345A6BBC6A}.Release|x64.ActiveCfg = Release|x64
		{16F78E77-E985-44DB-9EFA-A2345A6BBC6A}.Release|x64.Build.0 = Release|x64
		{16F78E77-E985-44DB-9EFA-A2345A6BBC6A}.Release|x86.ActiveCfg = Release|Win32
		{16F78E77-E985-44DB-9EFA-A2345A6BBC6A}.Release|x86.Build.0 = Release|Win32
		{645797A4-A484-4D99-A130-88BD45546BD5}.Debug|x64.ActiveCfg = Debug|x64
		{645797A4-A484-4D99-A130-88BD45546BD5}.Debug|x64.Build.0 = Debug|x64
		{645797A4-A484-4D99-A130-88BD45546BD5}.Debug|x86.ActiveCfg = Debug|Win32
		{645797A4-A484-4D99-A130-88BD45546BD5}.Debug|x86.Build.0 = Debug|Win32
		{645797A4-A484-4D99-A130-88BD45546BD5}.Release|x64.ActiveCfg = Release|x64
		{645797A4-A484-4D99-A130-88BD45546BD5}.Release|x64.Build.0 = Release|x64
		{645797A4-A484-4D99-A130-88BD45546BD5}.Release|x86.ActiveCfg = Release|Win32
		{645797A4-A484-4D99-A130-88BD45546BD5}.Release|x86.Build.0 = Release|Win32
		{3BCC105A-6AEE-4C9E-A8C7-3FB9336EA2A2}.Debug|x64.ActiveCfg = Debug|x64
		{3BCC105A-6AEE-4C9E-A8C7-3FB9336EA2A2}.Debug|x64.Build.0 = Debug|x64
		{3BCC105A-6AEE-4C9E-A8C7-3FB9336EA2A2}.Debug|x86.ActiveCfg = Debug|Win32
		{3BCC105A-6AEE-4C9E-A8C7-3FB9336EA2A2}.Debug|x86.Build.0 = Debug|Win32
		{3BCC105A-6AEE-4C9E-A8C7-3FB9336EA2A2}.Release|x64.ActiveCfg = Release|x64
		{3BCC105A-6AEE-4C9E-A8C7-3FB9336EA2A2}.Release|x64.Build.0 = Release|x64
		{3BCC105A-6AEE-4C9E-A8C7-3FB9336EA2A2}.Release|x86.ActiveCfg = Release|Win32
		{3BCC105A-6AEE-4C9E-A8C7-3FB9336EA2A2}.Release|x86.Build.0 = Release|Win32
		{4BDE3C61-6FD1-49B2-AD4B-FEDFA2400700}.Debug|x64.ActiveCfg = Debug|x64
		{4BDE3C61-6FD1-49B2-AD4B-FEDFA2400700}.Debug|x64.Build.0 = Debug|x64
		{4BDE3C61-6FD1-49B2-AD4B-FEDFA2400700}.Debug|x86.ActiveCfg = Debug|Win32
		{4BDE3C61-6FD1-49B2-AD4B-FEDFA2400700}.Debug|x86.Build.0 = Debug|Win32
		{4BDE3C61-6FD1-49B2-AD4B-FEDFA2400700}.Release|x64.ActiveCfg = Release|x64
		{4BDE3C61-6FD1-49B2-AD4B-FEDFA2400700}.Release|x64.Build.0 = Release|x64
		{4BDE3C61-6FD1-49B2-AD4B-FEDFA2400700}.Release|x86.ActiveCfg = Release|Win32
		{4BDE3C61-6FD1-49B2-AD4B-FEDFA2400700}.Release|x86.Build.0 = Release|Win32
		{B745AABA-F140-4950-A198-ED416E65C2CA}.Debug|x64.ActiveCfg = Debug|x64
		{B745AABA-F140-4950-A198-ED416E65C2CA}.Debug|x64.Build.0 = Debug|x64
		{B745AABA-F140-4950-A198-ED416E65C2CA}.Debug|x86.ActiveCfg = Debug|Win32
		{B745AABA-F140-4950-A198-ED416E65C2CA}.Debug|x86.Build.0 = Debug|Win32
		{B745AABA-F140-4950-A198-ED416E65C2CA}.Release|x64.ActiveCfg = Release|x64
		{B745AABA-F140-4950-A198-ED416E65C2CA}.Release|x64.Build.0 = Release|x64
		{B745AABA-F140-4950-A198-ED416E65C2CA}.Release|x86.ActiveCfg = Release|Win32
		{B745AABA-F140-4950-A198-ED416E65C2CA}.Release|x86.Build.0 = Release|Win32
		{3E02CB79-5276-4FF6-AA91-9BDF2AD8A25A}.Debug|x64.ActiveCfg = Debug|x64
		{3E02CB79-5276-4FF6-AA91-9BDF2AD8A25A}.Debug|x64.Build.0 = Debug|x64
		{3E02CB79-5276-4FF6-AA91-9BDF2AD8A25A}.Debug|x86.ActiveCfg = Debug|Win32
		{3E02CB79-5276-4FF6-AA91-9BDF2AD8A25A}.Debug|x86.Build.0 = Debug|Win32
		{3E02CB79-5276-4FF6-AA91-9BDF2AD8A25A}.Release|x64.ActiveCfg = Release|x64
		{3E02CB79-5276-4FF6-AA91-9BDF2AD8A25A}.Release|x64.Build.0 = Release|x64
		{3E02CB79-5276-4FF6-AA91-9BDF2AD8A25A}.Release|x86.ActiveCfg = Release|Win32
		{3E02CB79-5276-4FF6-AA91-9BDF2AD8A25A}.Release|x86.Build.0 = Release|Win32
		{DE5C4BA2-A55A-4700-B1D1-E0BE0F446553}.Debug|x64.ActiveCfg = Debug|x64
		{DE5C4BA2-A55A-4700-B1D1-E0BE0F446553}.Debug|x64.Build.0 = Debug|x64
		{DE5C4BA2-A55A-4700-B1D1-E0BE0F446553}.Debug|x86.ActiveCfg = Debug|Win32
		{DE5C4BA2-A55A-4700-B1D1-E0BE0F446553}.Debug|x86.Build.0 = Debug|Win32
		{DE5C4BA2-A55A-4700-B1D1-E0BE0F446553}.Release|x64.ActiveCfg = Release|x64
		{DE5C4BA2-A55A-4700-B1D1-E0BE0F446553}.Release|x64.Build.0 = Release|x64
		{DE5C4BA2-A55A-4700-B1D1-E0BE0F446553}.Release|x86.ActiveCfg = Release|Win32
		{DE5C4BA2-A55A-4700-B1D1-E0BE0F446553}.Release|x86.Build.0 = Release|Win32
		{0CC7FA61-23DE-4D9F-A6F4-FDA327AB5984}.Debug|x64.ActiveCfg = Debug|x64
		{0CC7FA61-23DE-4D9F-A6F4-FDA327AB5984}.Debug|x64.Build.0 = Debug|x64
		{0CC7FA61-23DE-4D9F-A6F4-FDA327AB5984}.Debug|x86.ActiveCfg = Debug|Win32
		{0CC7FA61-23DE-4D9F-A6F4-FDA327AB5984}.Debug|x86.Build.0 = Debug|Win32
		{0CC7FA61-23DE-4D9F-A6F4-FDA327AB5984}.Release|x64.ActiveCfg = Release|x64
		{0CC7FA61-23DE-4D9F-A6F4-FDA327AB5984}.Release|x64.Build.0 = Release|x64
		{0CC7FA61-23DE-4D9F-A6F4-FDA327AB5984}.Release|x86.ActiveCfg = Release|Win32
		{0CC7FA61-23DE-4D9F-A6F4-FDA327AB5984}.Release|x86.Build.0 = Release|Win32
		{D9837E8D-ACEE-4D36-A7AF-A4B7566E5A8D}.Debug|x64.ActiveCfg = Debug|x64
		{D9837E8D-ACEE-4D36-A7AF-A4B7566E5A8D}.Debug|x64.Build.0 = Debug|x64
		{D9837E8D-ACEE-4D36-A7AF-A4B7566E5A8D}.Debug|x86.ActiveCfg = Debug|Win32
		{D9837E8D-ACEE-4D36-A7AF-A4B7566E5A8D}.Debug|x86.Build.0 = Debug|Win32
		{D9837E8D-ACEE-4D36-A7AF-A4B7566E5A8D}.Release|x64.ActiveCfg = Release|x64
		{D9837E8D-ACEE-4D36-A7AF-A4B7566E5A8D}.Release|x64.Build.0 = Release|x64
		{D9837E8D-ACEE-4D36-A7AF-A4B7566E5A8D}.Release|x86.ActiveCfg = Release|Win32
		{D9837E8D-ACEE-4D36-A7AF-A4B7566E5A8D}.Release|x86.Build.0 = Release|Win32
		{25DF2DC6-9E74-4F59-8961-9949335A58BC}.Debug|x64.ActiveCfg = Debug|x64
		{25DF2DC6-9E74-4F59-8961-9949335A58BC}.Debug|x64.Build.0 = Debug|x64
		{25DF2DC6-9E74-4F59-8961-9949335A58BC}.Debug|x86.ActiveCfg = Debug|Win32
		{25DF2DC6-9E74-4F59-8961-9949335A58BC}.Debug|x86.Build.0 = Debug|Win32
		{25DF2DC6-9E74-4F59-8961-9949335A58BC}.Release|x64.ActiveCfg = Release|x64
		{25DF2DC6-9E74-4F59-8961-9949335A58BC}.Release|x64.Build.0 = Release|x64
		{25DF2DC6-9E74-4F59-8961-9949335A58BC}.Release|x86.ActiveCfg = Release|Win32
		{25DF2DC6-9E74-4F59-8961-9949335A58BC}.Release|x86.Build.0 = Release|Win32
	EndGlobalSection
	GlobalSection(SolutionProperties) = preSolution
		HideSolutionNode = FALSE
	EndGlobalSection
	GlobalSection(NestedProjects) = preSolution
		{DE5C4BA2-A55A-4700-B1D1-E0BE0F446553} = {7117DD40-5090-4982-B565-034F60A0D3B1}
		{0CC7FA61-23DE-4D9F-A6F4-FDA327AB5984} = {7117DD40-5090-4982-B565-034F60A0D3B1}
		{D9837E8D-ACEE-4D36-A7AF-A4B7566E5A8D} = {7117DD40-5090-4982-B565-034F60A0D3B1}
	EndGlobalSection
	GlobalSection(ExtensibilityGlobals) = postSolution
		SolutionGuid = {30BF641C-2C5D-4C14-B950-C07F6CD68736}
	EndGlobalSection
EndGlobal
