
Microsoft Visual Studio Solution File, Format Version 12.00
# Visual Studio 15
VisualStudioVersion = 15.0.27004.2002
MinimumVisualStudioVersion = 10.0.40219.1
Project("{8BC9CEB8-8B4A-11D0-8D11-00A0C91BC942}") = "owCore", "owCore\owCore.vcxproj", "{A4E6F769-0036-4128-A409-495D9207F587}"
	ProjectSection(ProjectDependencies) = postProject
		{0CC7FA61-23DE-4D9F-A6F4-FDA327AB5984} = {0CC7FA61-23DE-4D9F-A6F4-FDA327AB5984}
	EndProjectSection
EndProject
Project("{8BC9CEB8-8B4A-11D0-8D11-00A0C91BC942}") = "owGame", "owGame\owGame.vcxproj", "{25E4827B-D0DD-4758-B70F-DEA7217E7E70}"
	ProjectSection(ProjectDependencies) = postProject
		{0CC7FA61-23DE-4D9F-A6F4-FDA327AB5984} = {0CC7FA61-23DE-4D9F-A6F4-FDA327AB5984}
		{A4E6F769-0036-4128-A409-495D9207F587} = {A4E6F769-0036-4128-A409-495D9207F587}
		{E722B6DA-F485-4EAA-8E72-205CE3D4CEB5} = {E722B6DA-F485-4EAA-8E72-205CE3D4CEB5}
	EndProjectSection
EndProject
Project("{8BC9CEB8-8B4A-11D0-8D11-00A0C91BC942}") = "owRender", "owRender\owRender.vcxproj", "{E722B6DA-F485-4EAA-8E72-205CE3D4CEB5}"
	ProjectSection(ProjectDependencies) = postProject
		{A4E6F769-0036-4128-A409-495D9207F587} = {A4E6F769-0036-4128-A409-495D9207F587}
		{D9837E8D-ACEE-4D36-A7AF-A4B7566E5A8D} = {D9837E8D-ACEE-4D36-A7AF-A4B7566E5A8D}
	EndProjectSection
EndProject
Project("{2150E333-8FDC-42A3-9474-1A3956D46DE8}") = "3rd party", "3rd party", "{7117DD40-5090-4982-B565-034F60A0D3B1}"
EndProject
Project("{8BC9CEB8-8B4A-11D0-8D11-00A0C91BC942}") = "libmpq", "Externals\libmpq\libmpq.vcxproj", "{0CC7FA61-23DE-4D9F-A6F4-FDA327AB5984}"
EndProject
Project("{8BC9CEB8-8B4A-11D0-8D11-00A0C91BC942}") = "soil", "Externals\soil\soil.vcxproj", "{D9837E8D-ACEE-4D36-A7AF-A4B7566E5A8D}"
EndProject
Project("{8BC9CEB8-8B4A-11D0-8D11-00A0C91BC942}") = "owCataclysm", "owCataclysm\owCataclysm.vcxproj", "{645797A4-A484-4D99-A130-88BD45546BD5}"
	ProjectSection(ProjectDependencies) = postProject
		{2893AD39-0E91-4249-B2B8-D58116F11DBD} = {2893AD39-0E91-4249-B2B8-D58116F11DBD}
	EndProjectSection
EndProject
Project("{8BC9CEB8-8B4A-11D0-8D11-00A0C91BC942}") = "owGamePlatformWindows", "owGamePlatformWindows\owGamePlatformWindows.vcxproj", "{2893AD39-0E91-4249-B2B8-D58116F11DBD}"
	ProjectSection(ProjectDependencies) = postProject
		{25E4827B-D0DD-4758-B70F-DEA7217E7E70} = {25E4827B-D0DD-4758-B70F-DEA7217E7E70}
	EndProjectSection
EndProject
Project("{8BC9CEB8-8B4A-11D0-8D11-00A0C91BC942}") = "owWoW", "owWoW\owWoW.vcxproj", "{C29C7FEE-86D9-4EEF-965F-68B89C516FAE}"
	ProjectSection(ProjectDependencies) = postProject
		{A4E6F769-0036-4128-A409-495D9207F587} = {A4E6F769-0036-4128-A409-495D9207F587}
		{25E4827B-D0DD-4758-B70F-DEA7217E7E70} = {25E4827B-D0DD-4758-B70F-DEA7217E7E70}
		{E722B6DA-F485-4EAA-8E72-205CE3D4CEB5} = {E722B6DA-F485-4EAA-8E72-205CE3D4CEB5}
	EndProjectSection
EndProject
Global
	GlobalSection(SolutionConfigurationPlatforms) = preSolution
		Debug|x64 = Debug|x64
		Debug|x86 = Debug|x86
		Release|x64 = Release|x64
		Release|x86 = Release|x86
	EndGlobalSection
	GlobalSection(ProjectConfigurationPlatforms) = postSolution
		{A4E6F769-0036-4128-A409-495D9207F587}.Debug|x64.ActiveCfg = Debug|x64
		{A4E6F769-0036-4128-A409-495D9207F587}.Debug|x64.Build.0 = Debug|x64
		{A4E6F769-0036-4128-A409-495D9207F587}.Debug|x86.ActiveCfg = Debug|Win32
		{A4E6F769-0036-4128-A409-495D9207F587}.Debug|x86.Build.0 = Debug|Win32
		{A4E6F769-0036-4128-A409-495D9207F587}.Release|x64.ActiveCfg = Release|x64
		{A4E6F769-0036-4128-A409-495D9207F587}.Release|x64.Build.0 = Release|x64
		{A4E6F769-0036-4128-A409-495D9207F587}.Release|x86.ActiveCfg = Release|Win32
		{A4E6F769-0036-4128-A409-495D9207F587}.Release|x86.Build.0 = Release|Win32
		{25E4827B-D0DD-4758-B70F-DEA7217E7E70}.Debug|x64.ActiveCfg = Debug|x64
		{25E4827B-D0DD-4758-B70F-DEA7217E7E70}.Debug|x64.Build.0 = Debug|x64
		{25E4827B-D0DD-4758-B70F-DEA7217E7E70}.Debug|x86.ActiveCfg = Debug|Win32
		{25E4827B-D0DD-4758-B70F-DEA7217E7E70}.Debug|x86.Build.0 = Debug|Win32
		{25E4827B-D0DD-4758-B70F-DEA7217E7E70}.Release|x64.ActiveCfg = Release|x64
		{25E4827B-D0DD-4758-B70F-DEA7217E7E70}.Release|x64.Build.0 = Release|x64
		{25E4827B-D0DD-4758-B70F-DEA7217E7E70}.Release|x86.ActiveCfg = Release|Win32
		{25E4827B-D0DD-4758-B70F-DEA7217E7E70}.Release|x86.Build.0 = Release|Win32
		{E722B6DA-F485-4EAA-8E72-205CE3D4CEB5}.Debug|x64.ActiveCfg = Debug|x64
		{E722B6DA-F485-4EAA-8E72-205CE3D4CEB5}.Debug|x64.Build.0 = Debug|x64
		{E722B6DA-F485-4EAA-8E72-205CE3D4CEB5}.Debug|x86.ActiveCfg = Debug|Win32
		{E722B6DA-F485-4EAA-8E72-205CE3D4CEB5}.Debug|x86.Build.0 = Debug|Win32
		{E722B6DA-F485-4EAA-8E72-205CE3D4CEB5}.Release|x64.ActiveCfg = Release|x64
		{E722B6DA-F485-4EAA-8E72-205CE3D4CEB5}.Release|x64.Build.0 = Release|x64
		{E722B6DA-F485-4EAA-8E72-205CE3D4CEB5}.Release|x86.ActiveCfg = Release|Win32
		{E722B6DA-F485-4EAA-8E72-205CE3D4CEB5}.Release|x86.Build.0 = Release|Win32
		{0CC7FA61-23DE-4D9F-A6F4-FDA327AB5984}.Debug|x64.ActiveCfg = Debug|x64
		{0CC7FA61-23DE-4D9F-A6F4-FDA327AB5984}.Debug|x64.Build.0 = Debug|x64
		{0CC7FA61-23DE-4D9F-A6F4-FDA327AB5984}.Debug|x86.ActiveCfg = Debug|Win32
		{0CC7FA61-23DE-4D9F-A6F4-FDA327AB5984}.Debug|x86.Build.0 = Debug|Win32
		{0CC7FA61-23DE-4D9F-A6F4-FDA327AB5984}.Release|x64.ActiveCfg = Release|x64
		{0CC7FA61-23DE-4D9F-A6F4-FDA327AB5984}.Release|x64.Build.0 = Release|x64
		{0CC7FA61-23DE-4D9F-A6F4-FDA327AB5984}.Release|x86.ActiveCfg = Release|Win32
		{0CC7FA61-23DE-4D9F-A6F4-FDA327AB5984}.Release|x86.Build.0 = Release|Win32
		{D9837E8D-ACEE-4D36-A7AF-A4B7566E5A8D}.Debug|x64.ActiveCfg = Debug|x64
		{D9837E8D-ACEE-4D36-A7AF-A4B7566E5A8D}.Debug|x64.Build.0 = Debug|x64
		{D9837E8D-ACEE-4D36-A7AF-A4B7566E5A8D}.Debug|x86.ActiveCfg = Debug|Win32
		{D9837E8D-ACEE-4D36-A7AF-A4B7566E5A8D}.Debug|x86.Build.0 = Debug|Win32
		{D9837E8D-ACEE-4D36-A7AF-A4B7566E5A8D}.Release|x64.ActiveCfg = Release|x64
		{D9837E8D-ACEE-4D36-A7AF-A4B7566E5A8D}.Release|x64.Build.0 = Release|x64
		{D9837E8D-ACEE-4D36-A7AF-A4B7566E5A8D}.Release|x86.ActiveCfg = Release|Win32
		{D9837E8D-ACEE-4D36-A7AF-A4B7566E5A8D}.Release|x86.Build.0 = Release|Win32
		{645797A4-A484-4D99-A130-88BD45546BD5}.Debug|x64.ActiveCfg = Debug|x64
		{645797A4-A484-4D99-A130-88BD45546BD5}.Debug|x64.Build.0 = Debug|x64
		{645797A4-A484-4D99-A130-88BD45546BD5}.Debug|x86.ActiveCfg = Debug|Win32
		{645797A4-A484-4D99-A130-88BD45546BD5}.Debug|x86.Build.0 = Debug|Win32
		{645797A4-A484-4D99-A130-88BD45546BD5}.Release|x64.ActiveCfg = Release|x64
		{645797A4-A484-4D99-A130-88BD45546BD5}.Release|x64.Build.0 = Release|x64
		{645797A4-A484-4D99-A130-88BD45546BD5}.Release|x86.ActiveCfg = Release|Win32
		{645797A4-A484-4D99-A130-88BD45546BD5}.Release|x86.Build.0 = Release|Win32
		{2893AD39-0E91-4249-B2B8-D58116F11DBD}.Debug|x64.ActiveCfg = Debug|x64
		{2893AD39-0E91-4249-B2B8-D58116F11DBD}.Debug|x64.Build.0 = Debug|x64
		{2893AD39-0E91-4249-B2B8-D58116F11DBD}.Debug|x86.ActiveCfg = Debug|Win32
		{2893AD39-0E91-4249-B2B8-D58116F11DBD}.Debug|x86.Build.0 = Debug|Win32
		{2893AD39-0E91-4249-B2B8-D58116F11DBD}.Release|x64.ActiveCfg = Release|x64
		{2893AD39-0E91-4249-B2B8-D58116F11DBD}.Release|x64.Build.0 = Release|x64
		{2893AD39-0E91-4249-B2B8-D58116F11DBD}.Release|x86.ActiveCfg = Release|Win32
		{2893AD39-0E91-4249-B2B8-D58116F11DBD}.Release|x86.Build.0 = Release|Win32
		{C29C7FEE-86D9-4EEF-965F-68B89C516FAE}.Debug|x64.ActiveCfg = Debug|x64
		{C29C7FEE-86D9-4EEF-965F-68B89C516FAE}.Debug|x64.Build.0 = Debug|x64
		{C29C7FEE-86D9-4EEF-965F-68B89C516FAE}.Debug|x86.ActiveCfg = Debug|Win32
		{C29C7FEE-86D9-4EEF-965F-68B89C516FAE}.Debug|x86.Build.0 = Debug|Win32
		{C29C7FEE-86D9-4EEF-965F-68B89C516FAE}.Release|x64.ActiveCfg = Release|x64
		{C29C7FEE-86D9-4EEF-965F-68B89C516FAE}.Release|x64.Build.0 = Release|x64
		{C29C7FEE-86D9-4EEF-965F-68B89C516FAE}.Release|x86.ActiveCfg = Release|Win32
		{C29C7FEE-86D9-4EEF-965F-68B89C516FAE}.Release|x86.Build.0 = Release|Win32
	EndGlobalSection
	GlobalSection(SolutionProperties) = preSolution
		HideSolutionNode = FALSE
	EndGlobalSection
	GlobalSection(NestedProjects) = preSolution
		{0CC7FA61-23DE-4D9F-A6F4-FDA327AB5984} = {7117DD40-5090-4982-B565-034F60A0D3B1}
		{D9837E8D-ACEE-4D36-A7AF-A4B7566E5A8D} = {7117DD40-5090-4982-B565-034F60A0D3B1}
	EndGlobalSection
	GlobalSection(ExtensibilityGlobals) = postSolution
		SolutionGuid = {30BF641C-2C5D-4C14-B950-C07F6CD68736}
	EndGlobalSection
EndGlobal
