<?xml version="1.0" encoding="utf-8"?>
<Project ToolsVersion="4.0" xmlns="http://schemas.microsoft.com/developer/msbuild/2003">
  <ItemGroup>
    <ClInclude Include="stdafx.h" />
    <ClInclude Include="GLFWBackend.h">
      <Filter>Common</Filter>
    </ClInclude>
    <ClInclude Include="Engine.h">
      <Filter>Common</Filter>
    </ClInclude>
    <ClInclude Include="GameState_Menu.h">
      <Filter>Common</Filter>
    </ClInclude>
    <ClInclude Include="DebugOutput_ConsoleWindows.h">
      <Filter>Common</Filter>
    </ClInclude>
    <ClInclude Include="DebugOutput_Log.h">
      <Filter>Common</Filter>
    </ClInclude>
  </ItemGroup>
  <ItemGroup>
    <ClCompile Include="stdafx.cpp" />
    <ClCompile Include="GLFWBackend.cpp">
      <Filter>Common</Filter>
    </ClCompile>
    <ClCompile Include="Engine.cpp">
      <Filter>Common</Filter>
    </ClCompile>
    <ClCompile Include="GameState_Menu.cpp">
      <Filter>Common</Filter>
    </ClCompile>
    <ClCompile Include="main.cpp">
      <Filter>Common</Filter>
    </ClCompile>
    <ClCompile Include="DebugOutput_ConsoleWindows.cpp">
      <Filter>Common</Filter>
    </ClCompile>
    <ClCompile Include="DebugOutput_Log.cpp">
      <Filter>Common</Filter>
    </ClCompile>
  </ItemGroup>
  <ItemGroup>
    <Filter Include="Common">
      <UniqueIdentifier>{f9d787ae-bb16-41df-b922-e186a5aa2431}</UniqueIdentifier>
    </Filter>
  </ItemGroup>
</Project>