<?xml version="1.0" encoding="utf-8"?>
<Project ToolsVersion="4.0" xmlns="http://schemas.microsoft.com/developer/msbuild/2003">
  <ItemGroup>
    <Filter Include="Elements">
      <UniqueIdentifier>{47efe760-f676-405e-b869-4a6b6268c1f5}</UniqueIdentifier>
    </Filter>
  </ItemGroup>
  <ItemGroup>
    <ClInclude Include="..\shared\owGUI.h" />
    <ClInclude Include="UIButton.h">
      <Filter>Elements</Filter>
    </ClInclude>
    <ClInclude Include="UIButton3t.h">
      <Filter>Elements</Filter>
    </ClInclude>
    <ClInclude Include="UICheckBox.h">
      <Filter>Elements</Filter>
    </ClInclude>
    <ClInclude Include="UIElement.h">
      <Filter>Elements</Filter>
    </ClInclude>
    <ClInclude Include="UIInput.h">
      <Filter>Elements</Filter>
    </ClInclude>
    <ClInclude Include="UIScrollBar.h">
      <Filter>Elements</Filter>
    </ClInclude>
    <ClInclude Include="UIWindow.h">
      <Filter>Elements</Filter>
    </ClInclude>
    <ClInclude Include="stdafx.h" />
    <ClInclude Include="UIFile.h" />
    <ClInclude Include="UIMgr.h" />
  </ItemGroup>
  <ItemGroup>
    <ClCompile Include="UIButton.cpp">
      <Filter>Elements</Filter>
    </ClCompile>
    <ClCompile Include="UIButton3t.cpp">
      <Filter>Elements</Filter>
    </ClCompile>
    <ClCompile Include="UICheckBox.cpp">
      <Filter>Elements</Filter>
    </ClCompile>
    <ClCompile Include="UIElement.cpp">
      <Filter>Elements</Filter>
    </ClCompile>
    <ClCompile Include="UIInput.cpp">
      <Filter>Elements</Filter>
    </ClCompile>
    <ClCompile Include="UIScrollBar.cpp">
      <Filter>Elements</Filter>
    </ClCompile>
    <ClCompile Include="UIWindow.cpp">
      <Filter>Elements</Filter>
    </ClCompile>
    <ClCompile Include="stdafx.cpp" />
    <ClCompile Include="UIFile.cpp" />
    <ClCompile Include="UIMgr.cpp" />
  </ItemGroup>
</Project>