<?xml version="1.0" encoding="utf-8"?>
<Project ToolsVersion="4.0" xmlns="http://schemas.microsoft.com/developer/msbuild/2003">
  <ItemGroup>
    <ClCompile Include="stdafx.cpp" />
    <ClCompile Include="WMO.cpp">
      <Filter>WMO</Filter>
    </ClCompile>
    <ClCompile Include="WMO_Fog.cpp">
      <Filter>WMO</Filter>
    </ClCompile>
    <ClCompile Include="WMO_Group.cpp">
      <Filter>WMO</Filter>
    </ClCompile>
    <ClCompile Include="WMO_Light.cpp">
      <Filter>WMO</Filter>
    </ClCompile>
    <ClCompile Include="WMO_Manager.cpp">
      <Filter>WMO</Filter>
    </ClCompile>
    <ClCompile Include="WMO_Material.cpp">
      <Filter>WMO</Filter>
    </ClCompile>
    <ClCompile Include="liquid.cpp">
      <Filter>Liquid</Filter>
    </ClCompile>
    <ClCompile Include="DoodadInstance.cpp">
      <Filter>Doodad</Filter>
    </ClCompile>
  </ItemGroup>
  <ItemGroup>
    <ClInclude Include="stdafx.h" />
    <ClInclude Include="..\shared\owWMO.h" />
    <ClInclude Include="WMO.h">
      <Filter>WMO</Filter>
    </ClInclude>
    <ClInclude Include="WMO_Fog.h">
      <Filter>WMO</Filter>
    </ClInclude>
    <ClInclude Include="WMO_Group.h">
      <Filter>WMO</Filter>
    </ClInclude>
    <ClInclude Include="WMO_Light.h">
      <Filter>WMO</Filter>
    </ClInclude>
    <ClInclude Include="WMO_Manager.h">
      <Filter>WMO</Filter>
    </ClInclude>
    <ClInclude Include="WMO_Material.h">
      <Filter>WMO</Filter>
    </ClInclude>
    <ClInclude Include="liquid.h">
      <Filter>Liquid</Filter>
    </ClInclude>
    <ClInclude Include="DoodadInstance.h">
      <Filter>Doodad</Filter>
    </ClInclude>
  </ItemGroup>
  <ItemGroup>
    <Filter Include="WMO">
      <UniqueIdentifier>{ce5d81dd-3a28-4f7c-924f-71d2cea1dc7c}</UniqueIdentifier>
    </Filter>
    <Filter Include="Doodad">
      <UniqueIdentifier>{51dbd720-029c-4343-a261-d7c233e5146f}</UniqueIdentifier>
    </Filter>
    <Filter Include="Liquid">
      <UniqueIdentifier>{f01ac184-f537-452a-a2e4-cc5a6a0ac2fb}</UniqueIdentifier>
    </Filter>
  </ItemGroup>
</Project>