<?xml version="1.0" encoding="utf-8"?>
<Project ToolsVersion="4.0" xmlns="http://schemas.microsoft.com/developer/msbuild/2003">
  <ItemGroup>
    <ClCompile Include="Image.cpp">
      <Filter>Types</Filter>
    </ClCompile>
    <ClCompile Include="Render.cpp" />
    <ClCompile Include="stdafx.cpp" />
    <ClCompile Include="TexturesMgr.cpp">
      <Filter>Textures</Filter>
    </ClCompile>
    <ClCompile Include="Texture.cpp">
      <Filter>Textures</Filter>
    </ClCompile>
    <ClCompile Include="FontsMgr.cpp">
      <Filter>Fonts</Filter>
    </ClCompile>
    <ClCompile Include="Font.cpp">
      <Filter>Fonts</Filter>
    </ClCompile>
    <ClCompile Include="Pipeline.cpp">
      <Filter>Pipeline</Filter>
    </ClCompile>
    <ClCompile Include="Gbuffer.cpp">
      <Filter>Pipeline</Filter>
    </ClCompile>
    <ClCompile Include="Camera.cpp">
      <Filter>Pipeline</Filter>
    </ClCompile>
    <ClCompile Include="ShadowMapFBO.cpp">
      <Filter>Pipeline</Filter>
    </ClCompile>
    <ClCompile Include="Perfomance.cpp">
      <Filter>Perfomance</Filter>
    </ClCompile>
    <ClCompile Include="Shader.cpp">
      <Filter>Shaders</Filter>
    </ClCompile>
    <ClCompile Include="TechniquesManager.cpp">
      <Filter>Techniques</Filter>
    </ClCompile>
    <ClCompile Include="Techniques\ds_light_pass_tech.cpp">
      <Filter>Techniques\Lights</Filter>
    </ClCompile>
    <ClCompile Include="Techniques\ds_point_light_pass_tech.cpp">
      <Filter>Techniques\Lights</Filter>
    </ClCompile>
    <ClCompile Include="Techniques\MapChunk_GeometryPass.cpp">
      <Filter>Techniques\Geometry</Filter>
    </ClCompile>
    <ClCompile Include="Techniques\MapTileLowRes_GeometryPass.cpp">
      <Filter>Techniques\Geometry</Filter>
    </ClCompile>
    <ClCompile Include="Techniques\MDX_GeometryPass.cpp">
      <Filter>Techniques\Geometry</Filter>
    </ClCompile>
    <ClCompile Include="Techniques\WMO_GeomertyPass.cpp">
      <Filter>Techniques\Geometry</Filter>
    </ClCompile>
    <ClCompile Include="Techniques\Technique.cpp">
      <Filter>Techniques\Common</Filter>
    </ClCompile>
    <ClCompile Include="Techniques\Sky_GeometryPass.cpp">
      <Filter>Techniques\Geometry</Filter>
    </ClCompile>
    <ClCompile Include="Techniques\UI_Font.cpp">
      <Filter>Techniques\UI</Filter>
    </ClCompile>
    <ClCompile Include="Techniques\Debug_GeometryPass.cpp">
      <Filter>Techniques\Geometry</Filter>
    </ClCompile>
    <ClCompile Include="PipelineWorldTransformation.cpp">
      <Filter>Pipeline</Filter>
    </ClCompile>
    <ClCompile Include="Techniques\Water_Pass.cpp">
      <Filter>Techniques\Geometry</Filter>
    </ClCompile>
    <ClCompile Include="Techniques\UI_Texture.cpp">
      <Filter>Techniques\UI</Filter>
    </ClCompile>
    <ClCompile Include="Techniques\UI_Color.cpp">
      <Filter>Techniques\UI</Filter>
    </ClCompile>
    <ClCompile Include="OpenGL.cpp">
      <Filter>_NEW_RENDER</Filter>
    </ClCompile>
    <ClCompile Include="Techniques\SimpleRenderGBuffer.cpp">
      <Filter>Techniques\Postprocess</Filter>
    </ClCompile>
    <ClCompile Include="Techniques\ds_dir_light_pass_tech.cpp">
      <Filter>Techniques\Postprocess</Filter>
    </ClCompile>
    <ClCompile Include="RenderDevice.cpp">
      <Filter>_NEW_RENDER</Filter>
    </ClCompile>
    <ClCompile Include="GPUTimer.cpp">
      <Filter>_NEW_RENDER</Filter>
    </ClCompile>
  </ItemGroup>
  <ItemGroup>
    <ClInclude Include="Image.h">
      <Filter>Types</Filter>
    </ClInclude>
    <ClInclude Include="Render.h" />
    <ClInclude Include="common.h" />
    <ClInclude Include="..\shared\owRender.h" />
    <ClInclude Include="stdafx.h" />
    <ClInclude Include="TexturesMgr.h">
      <Filter>Textures</Filter>
    </ClInclude>
    <ClInclude Include="Texture.h">
      <Filter>Textures</Filter>
    </ClInclude>
    <ClInclude Include="FontsMgr.h">
      <Filter>Fonts</Filter>
    </ClInclude>
    <ClInclude Include="Font.h">
      <Filter>Fonts</Filter>
    </ClInclude>
    <ClInclude Include="Pipeline.h">
      <Filter>Pipeline</Filter>
    </ClInclude>
    <ClInclude Include="Gbuffer.h">
      <Filter>Pipeline</Filter>
    </ClInclude>
    <ClInclude Include="Camera.h">
      <Filter>Pipeline</Filter>
    </ClInclude>
    <ClInclude Include="ShadowMapFBO.h">
      <Filter>Pipeline</Filter>
    </ClInclude>
    <ClInclude Include="Perfomance.h">
      <Filter>Perfomance</Filter>
    </ClInclude>
    <ClInclude Include="Shader.h">
      <Filter>Shaders</Filter>
    </ClInclude>
    <ClInclude Include="TechniquesManager.h">
      <Filter>Techniques</Filter>
    </ClInclude>
    <ClInclude Include="Techniques\ds_light_pass_tech.h">
      <Filter>Techniques\Lights</Filter>
    </ClInclude>
    <ClInclude Include="Techniques\ds_point_light_pass_tech.h">
      <Filter>Techniques\Lights</Filter>
    </ClInclude>
    <ClInclude Include="Techniques\MapChunk_GeometryPass.h">
      <Filter>Techniques\Geometry</Filter>
    </ClInclude>
    <ClInclude Include="Techniques\MapTileLowRes_GeometryPass.h">
      <Filter>Techniques\Geometry</Filter>
    </ClInclude>
    <ClInclude Include="Techniques\MDX_GeometryPass.h">
      <Filter>Techniques\Geometry</Filter>
    </ClInclude>
    <ClInclude Include="Techniques\WMO_GeomertyPass.h">
      <Filter>Techniques\Geometry</Filter>
    </ClInclude>
    <ClInclude Include="Techniques\Technique.h">
      <Filter>Techniques\Common</Filter>
    </ClInclude>
    <ClInclude Include="Techniques\Sky_GeometryPass.h">
      <Filter>Techniques\Geometry</Filter>
    </ClInclude>
    <ClInclude Include="Techniques\UI_Font.h">
      <Filter>Techniques\UI</Filter>
    </ClInclude>
    <ClInclude Include="Techniques\Debug_GeometryPass.h">
      <Filter>Techniques\Geometry</Filter>
    </ClInclude>
    <ClInclude Include="PipelineWorldTransformation.h">
      <Filter>Pipeline</Filter>
    </ClInclude>
    <ClInclude Include="lights_common.h">
      <Filter>Techniques\Lights</Filter>
    </ClInclude>
    <ClInclude Include="Techniques\Water_Pass.h">
      <Filter>Techniques\Geometry</Filter>
    </ClInclude>
    <ClInclude Include="Techniques\UI_Texture.h">
      <Filter>Techniques\UI</Filter>
    </ClInclude>
    <ClInclude Include="OpenGL.h">
      <Filter>_NEW_RENDER</Filter>
    </ClInclude>
    <ClInclude Include="Techniques\UI_Color.h">
      <Filter>Techniques\UI</Filter>
    </ClInclude>
    <ClInclude Include="Techniques\SimpleRenderGBuffer.h">
      <Filter>Techniques\Postprocess</Filter>
    </ClInclude>
    <ClInclude Include="Techniques\ds_dir_light_pass_tech.h">
      <Filter>Techniques\Postprocess</Filter>
    </ClInclude>
    <ClInclude Include="RenderDevice.h">
      <Filter>_NEW_RENDER</Filter>
    </ClInclude>
    <ClInclude Include="GPUTimer.h">
      <Filter>_NEW_RENDER</Filter>
    </ClInclude>
  </ItemGroup>
  <ItemGroup>
    <Filter Include="Types">
      <UniqueIdentifier>{04374022-e70a-4f96-b887-0198fcdcd1c3}</UniqueIdentifier>
    </Filter>
    <Filter Include="Textures">
      <UniqueIdentifier>{6cc0d5a6-0295-4c2b-9463-2f1164bc7b27}</UniqueIdentifier>
    </Filter>
    <Filter Include="Fonts">
      <UniqueIdentifier>{5bcbfcfc-c3c6-4a8e-a1b9-750f8d3379f6}</UniqueIdentifier>
    </Filter>
    <Filter Include="Pipeline">
      <UniqueIdentifier>{2ca38755-1636-43a8-8b22-bd21ac736ca3}</UniqueIdentifier>
    </Filter>
    <Filter Include="Shaders">
      <UniqueIdentifier>{f3d818e7-b12a-49b6-b477-32e20e14077d}</UniqueIdentifier>
    </Filter>
    <Filter Include="Techniques">
      <UniqueIdentifier>{3b62bcfc-0d63-440b-a018-58f0bb73c48f}</UniqueIdentifier>
    </Filter>
    <Filter Include="Techniques\Lights">
      <UniqueIdentifier>{caac44df-f1bd-4c10-906c-c9f0c71d0df2}</UniqueIdentifier>
    </Filter>
    <Filter Include="Techniques\Geometry">
      <UniqueIdentifier>{4f764ab4-cbb8-4e5e-a319-2e3029ed2fb9}</UniqueIdentifier>
    </Filter>
    <Filter Include="Techniques\Common">
      <UniqueIdentifier>{6c66dea9-ccdc-44e3-a078-21fb291eb62c}</UniqueIdentifier>
    </Filter>
    <Filter Include="Techniques\UI">
      <UniqueIdentifier>{6b0560c6-62a4-4fef-bc46-e4040e3313b1}</UniqueIdentifier>
    </Filter>
    <Filter Include="Perfomance">
      <UniqueIdentifier>{2a08d97b-3b8b-4165-a0ac-b16dacad43da}</UniqueIdentifier>
    </Filter>
    <Filter Include="_NEW_RENDER">
      <UniqueIdentifier>{83e27261-1695-4e85-a7fe-099ead28f2d2}</UniqueIdentifier>
    </Filter>
    <Filter Include="Techniques\Postprocess">
      <UniqueIdentifier>{3bbd68ab-1670-40fe-b4d5-46393853cd68}</UniqueIdentifier>
    </Filter>
  </ItemGroup>
  <ItemGroup>
    <None Include="Techniques\Technique.inl">
      <Filter>Techniques\Common</Filter>
    </None>
    <None Include="PipelineWorldTransformation.inl">
      <Filter>Pipeline</Filter>
    </None>
    <None Include="..\_gamedata\shaders\commonGeometry.glsl">
      <Filter>Shaders</Filter>
    </None>
    <None Include="..\_gamedata\shaders\commonPostprocess.glsl">
      <Filter>Shaders</Filter>
    </None>
    <None Include="..\_gamedata\shaders\Debug_GeometryPass.glsl">
      <Filter>Shaders</Filter>
    </None>
    <None Include="..\_gamedata\shaders\light_pass.glsl">
      <Filter>Shaders</Filter>
    </None>
    <None Include="..\_gamedata\shaders\MapChunk_GeometryPass.glsl">
      <Filter>Shaders</Filter>
    </None>
    <None Include="..\_gamedata\shaders\MapTileLowRes_GeometryPass.glsl">
      <Filter>Shaders</Filter>
    </None>
    <None Include="..\_gamedata\shaders\MDX_GeometryPass.glsl">
      <Filter>Shaders</Filter>
    </None>
    <None Include="..\_gamedata\shaders\null_technique.glsl">
      <Filter>Shaders</Filter>
    </None>
    <None Include="..\_gamedata\shaders\SimpleColor.glsl">
      <Filter>Shaders</Filter>
    </None>
    <None Include="..\_gamedata\shaders\simpleRender.glsl">
      <Filter>Shaders</Filter>
    </None>
    <None Include="..\_gamedata\shaders\Sky_GeometryPass.glsl">
      <Filter>Shaders</Filter>
    </None>
    <None Include="..\_gamedata\shaders\UI_Font.glsl">
      <Filter>Shaders</Filter>
    </None>
    <None Include="..\_gamedata\shaders\WMO_GeomertyPass.glsl">
      <Filter>Shaders</Filter>
    </None>
    <None Include="..\_gamedata\shaders\Water_Pass.glsl">
      <Filter>Shaders</Filter>
    </None>
    <None Include="..\_gamedata\shaders\UI_Texture.glsl">
      <Filter>Shaders</Filter>
    </None>
  </ItemGroup>
</Project>