<?xml version="1.0" encoding="utf-8"?>
<Project ToolsVersion="4.0" xmlns="http://schemas.microsoft.com/developer/msbuild/2003">
  <ItemGroup>
    <ClCompile Include="stdafx.cpp" />
    <ClCompile Include="TexturesMgr.cpp">
      <Filter>Textures</Filter>
    </ClCompile>
    <ClCompile Include="Texture.cpp">
      <Filter>Textures</Filter>
    </ClCompile>
    <ClCompile Include="FontsMgr.cpp">
      <Filter>Fonts</Filter>
    </ClCompile>
    <ClCompile Include="Font.cpp">
      <Filter>Fonts</Filter>
    </ClCompile>
    <ClCompile Include="Pipeline.cpp">
      <Filter>Pipeline</Filter>
    </ClCompile>
    <ClCompile Include="Camera.cpp">
      <Filter>Pipeline</Filter>
    </ClCompile>
    <ClCompile Include="Perfomance.cpp">
      <Filter>Perfomance</Filter>
    </ClCompile>
    <ClCompile Include="TechniquesManager.cpp">
      <Filter>Techniques</Filter>
    </ClCompile>
    <ClCompile Include="PipelineWorldTransformation.cpp">
      <Filter>Pipeline</Filter>
    </ClCompile>
    <ClCompile Include="OpenGL.cpp">
      <Filter>Render</Filter>
    </ClCompile>
    <ClCompile Include="RenderDevice.cpp">
      <Filter>Render</Filter>
    </ClCompile>
    <ClCompile Include="GPUTimer.cpp">
      <Filter>Render</Filter>
    </ClCompile>
    <ClCompile Include="Render.cpp">
      <Filter>Render</Filter>
    </ClCompile>
    <ClCompile Include="RenderStorage.cpp">
      <Filter>Render</Filter>
    </ClCompile>
    <ClCompile Include="Material.cpp">
      <Filter>Render</Filter>
    </ClCompile>
    <ClCompile Include="ConsoleOpenGL.cpp">
      <Filter>Render</Filter>
    </ClCompile>
    <ClCompile Include="Image.cpp">
      <Filter>Textures</Filter>
    </ClCompile>
    <ClCompile Include="RenderConfig.cpp">
      <Filter>Render</Filter>
    </ClCompile>
    <ClCompile Include="Techniques\Technique.cpp">
      <Filter>Techniques</Filter>
    </ClCompile>
  </ItemGroup>
  <ItemGroup>
    <ClInclude Include="common.h" />
    <ClInclude Include="..\shared\owRender.h" />
    <ClInclude Include="stdafx.h" />
    <ClInclude Include="TexturesMgr.h">
      <Filter>Textures</Filter>
    </ClInclude>
    <ClInclude Include="Texture.h">
      <Filter>Textures</Filter>
    </ClInclude>
    <ClInclude Include="FontsMgr.h">
      <Filter>Fonts</Filter>
    </ClInclude>
    <ClInclude Include="Font.h">
      <Filter>Fonts</Filter>
    </ClInclude>
    <ClInclude Include="Pipeline.h">
      <Filter>Pipeline</Filter>
    </ClInclude>
    <ClInclude Include="Camera.h">
      <Filter>Pipeline</Filter>
    </ClInclude>
    <ClInclude Include="Perfomance.h">
      <Filter>Perfomance</Filter>
    </ClInclude>
    <ClInclude Include="TechniquesManager.h">
      <Filter>Techniques</Filter>
    </ClInclude>
    <ClInclude Include="Techniques\MapChunk_GeometryPass.h">
      <Filter>Techniques\Shaders</Filter>
    </ClInclude>
    <ClInclude Include="Techniques\MapTileLowRes_GeometryPass.h">
      <Filter>Techniques\Shaders</Filter>
    </ClInclude>
    <ClInclude Include="Techniques\WMO_GeomertyPass.h">
      <Filter>Techniques\Shaders</Filter>
    </ClInclude>
    <ClInclude Include="Techniques\Sky_GeometryPass.h">
      <Filter>Techniques\Shaders</Filter>
    </ClInclude>
    <ClInclude Include="Techniques\UI_Font.h">
      <Filter>Techniques\UI</Filter>
    </ClInclude>
    <ClInclude Include="Techniques\Debug_GeometryPass.h">
      <Filter>Techniques\Shaders</Filter>
    </ClInclude>
    <ClInclude Include="PipelineWorldTransformation.h">
      <Filter>Pipeline</Filter>
    </ClInclude>
    <ClInclude Include="Techniques\Water_Pass.h">
      <Filter>Techniques\Shaders</Filter>
    </ClInclude>
    <ClInclude Include="Techniques\UI_Texture.h">
      <Filter>Techniques\UI</Filter>
    </ClInclude>
    <ClInclude Include="OpenGL.h">
      <Filter>Render</Filter>
    </ClInclude>
    <ClInclude Include="Techniques\UI_Color.h">
      <Filter>Techniques\UI</Filter>
    </ClInclude>
    <ClInclude Include="RenderDevice.h">
      <Filter>Render</Filter>
    </ClInclude>
    <ClInclude Include="GPUTimer.h">
      <Filter>Render</Filter>
    </ClInclude>
    <ClInclude Include="RenderEnums.h">
      <Filter>Render</Filter>
    </ClInclude>
    <ClInclude Include="RenderTypes.h">
      <Filter>Render</Filter>
    </ClInclude>
    <ClInclude Include="Render.h">
      <Filter>Render</Filter>
    </ClInclude>
    <ClInclude Include="RenderStorage.h">
      <Filter>Render</Filter>
    </ClInclude>
    <ClInclude Include="Material.h">
      <Filter>Render</Filter>
    </ClInclude>
    <ClInclude Include="Techniques\Model_Shader.h">
      <Filter>Techniques\Shaders</Filter>
    </ClInclude>
    <ClInclude Include="ConsoleOpenGL.h">
      <Filter>Render</Filter>
    </ClInclude>
    <ClInclude Include="Image.h">
      <Filter>Textures</Filter>
    </ClInclude>
    <ClInclude Include="RenderConfig.h">
      <Filter>Render</Filter>
    </ClInclude>
    <ClInclude Include="Techniques\POST_Fog.h">
      <Filter>Techniques\Postprocess</Filter>
    </ClInclude>
    <ClInclude Include="Techniques\POST_Simple.h">
      <Filter>Techniques\Postprocess</Filter>
    </ClInclude>
    <ClInclude Include="Techniques\POST_DirectionalLight.h">
      <Filter>Techniques\Postprocess</Filter>
    </ClInclude>
    <ClInclude Include="Techniques\Technique.h">
      <Filter>Techniques</Filter>
    </ClInclude>
    <ClInclude Include="Techniques\ds_light_pass_tech.h">
      <Filter>Techniques\Postprocess</Filter>
    </ClInclude>
    <ClInclude Include="Techniques\ds_point_light_pass_tech.h">
      <Filter>Techniques\Postprocess</Filter>
    </ClInclude>
    <ClInclude Include="lights_common.h">
      <Filter>Techniques\Postprocess</Filter>
    </ClInclude>
    <ClInclude Include="Techniques\Debug_Normals.h">
      <Filter>Techniques\Shaders</Filter>
    </ClInclude>
  </ItemGroup>
  <ItemGroup>
    <Filter Include="Textures">
      <UniqueIdentifier>{6cc0d5a6-0295-4c2b-9463-2f1164bc7b27}</UniqueIdentifier>
    </Filter>
    <Filter Include="Fonts">
      <UniqueIdentifier>{5bcbfcfc-c3c6-4a8e-a1b9-750f8d3379f6}</UniqueIdentifier>
    </Filter>
    <Filter Include="Pipeline">
      <UniqueIdentifier>{2ca38755-1636-43a8-8b22-bd21ac736ca3}</UniqueIdentifier>
    </Filter>
    <Filter Include="Techniques">
      <UniqueIdentifier>{3b62bcfc-0d63-440b-a018-58f0bb73c48f}</UniqueIdentifier>
    </Filter>
    <Filter Include="Techniques\UI">
      <UniqueIdentifier>{6b0560c6-62a4-4fef-bc46-e4040e3313b1}</UniqueIdentifier>
    </Filter>
    <Filter Include="Perfomance">
      <UniqueIdentifier>{2a08d97b-3b8b-4165-a0ac-b16dacad43da}</UniqueIdentifier>
    </Filter>
    <Filter Include="Techniques\Postprocess">
      <UniqueIdentifier>{3bbd68ab-1670-40fe-b4d5-46393853cd68}</UniqueIdentifier>
    </Filter>
    <Filter Include="Render">
      <UniqueIdentifier>{83e27261-1695-4e85-a7fe-099ead28f2d2}</UniqueIdentifier>
    </Filter>
    <Filter Include="Techniques\Shaders">
      <UniqueIdentifier>{4f764ab4-cbb8-4e5e-a319-2e3029ed2fb9}</UniqueIdentifier>
    </Filter>
  </ItemGroup>
  <ItemGroup>
    <None Include="PipelineWorldTransformation.inl">
      <Filter>Pipeline</Filter>
    </None>
    <None Include="Techniques\Technique.inl">
      <Filter>Techniques</Filter>
    </None>
  </ItemGroup>
</Project>