<?xml version="1.0" encoding="utf-8"?>
<Project ToolsVersion="4.0" xmlns="http://schemas.microsoft.com/developer/msbuild/2003">
  <ItemGroup>
    <ClCompile Include="stdafx.cpp" />
    <ClCompile Include="WoWSettings.cpp" />
    <ClCompile Include="Animated.cpp" />
  </ItemGroup>
  <ItemGroup>
    <ClInclude Include="..\shared\owShared.h" />
    <ClInclude Include="stdafx.h" />
    <ClInclude Include="WoWSettings.h" />
    <ClInclude Include="WowTypes.h" />
    <ClInclude Include="Animated.h" />
  </ItemGroup>
</Project>