<?xml version="1.0" encoding="utf-8"?>
<Project ToolsVersion="4.0" xmlns="http://schemas.microsoft.com/developer/msbuild/2003">
  <ItemGroup>
    <Filter Include="General">
      <UniqueIdentifier>{24c337e0-a2b6-44f6-8f76-c24a9b084161}</UniqueIdentifier>
    </Filter>
  </ItemGroup>
  <ItemGroup>
    <ClCompile Include="Engine.cpp">
      <Filter>General</Filter>
    </ClCompile>
    <ClCompile Include="GameState.cpp">
      <Filter>General</Filter>
    </ClCompile>
    <ClCompile Include="GameState_Empty.cpp">
      <Filter>General</Filter>
    </ClCompile>
    <ClCompile Include="ConsoleOpenGL.cpp">
      <Filter>General</Filter>
    </ClCompile>
    <ClCompile Include="stdafx.cpp" />
    <ClCompile Include="Settings.cpp">
      <Filter>General</Filter>
    </ClCompile>
  </ItemGroup>
  <ItemGroup>
    <ClInclude Include="Engine.h">
      <Filter>General</Filter>
    </ClInclude>
    <ClInclude Include="GameState.h">
      <Filter>General</Filter>
    </ClInclude>
    <ClInclude Include="GameState_Empty.h">
      <Filter>General</Filter>
    </ClInclude>
    <ClInclude Include="ConsoleOpenGL.h">
      <Filter>General</Filter>
    </ClInclude>
    <ClInclude Include="..\shared\owGame.h" />
    <ClInclude Include="stdafx.h" />
    <ClInclude Include="Settings.h">
      <Filter>General</Filter>
    </ClInclude>
  </ItemGroup>
</Project>