<?xml version="1.0" encoding="utf-8"?>
<Project ToolsVersion="4.0" xmlns="http://schemas.microsoft.com/developer/msbuild/2003">
  <ItemGroup>
    <Filter Include="UI">
      <UniqueIdentifier>{0fa712a9-2676-4300-a8c5-439622d14235}</UniqueIdentifier>
    </Filter>
    <Filter Include="UI\Elements">
      <UniqueIdentifier>{f15f96e0-8d48-495b-9979-a494da02062d}</UniqueIdentifier>
    </Filter>
    <Filter Include="General">
      <UniqueIdentifier>{24c337e0-a2b6-44f6-8f76-c24a9b084161}</UniqueIdentifier>
    </Filter>
  </ItemGroup>
  <ItemGroup>
    <ClCompile Include="UIMgr.cpp">
      <Filter>UI</Filter>
    </ClCompile>
    <ClCompile Include="UIButton.cpp">
      <Filter>UI\Elements</Filter>
    </ClCompile>
    <ClCompile Include="UIButton3t.cpp">
      <Filter>UI\Elements</Filter>
    </ClCompile>
    <ClCompile Include="UICheckBox.cpp">
      <Filter>UI\Elements</Filter>
    </ClCompile>
    <ClCompile Include="UIElement.cpp">
      <Filter>UI\Elements</Filter>
    </ClCompile>
    <ClCompile Include="UIInput.cpp">
      <Filter>UI\Elements</Filter>
    </ClCompile>
    <ClCompile Include="UIScrollBar.cpp">
      <Filter>UI\Elements</Filter>
    </ClCompile>
    <ClCompile Include="UIWindow.cpp">
      <Filter>UI\Elements</Filter>
    </ClCompile>
    <ClCompile Include="UIFile.cpp">
      <Filter>UI</Filter>
    </ClCompile>
    <ClCompile Include="Engine.cpp">
      <Filter>General</Filter>
    </ClCompile>
    <ClCompile Include="GameState.cpp">
      <Filter>General</Filter>
    </ClCompile>
    <ClCompile Include="GameState_Empty.cpp">
      <Filter>General</Filter>
    </ClCompile>
    <ClCompile Include="ConsoleOpenGL.cpp">
      <Filter>General</Filter>
    </ClCompile>
    <ClCompile Include="stdafx.cpp" />
  </ItemGroup>
  <ItemGroup>
    <ClInclude Include="UIMgr.h">
      <Filter>UI</Filter>
    </ClInclude>
    <ClInclude Include="UIWindow.h">
      <Filter>UI\Elements</Filter>
    </ClInclude>
    <ClInclude Include="UIButton.h">
      <Filter>UI\Elements</Filter>
    </ClInclude>
    <ClInclude Include="UIButton3t.h">
      <Filter>UI\Elements</Filter>
    </ClInclude>
    <ClInclude Include="UICheckBox.h">
      <Filter>UI\Elements</Filter>
    </ClInclude>
    <ClInclude Include="UIElement.h">
      <Filter>UI\Elements</Filter>
    </ClInclude>
    <ClInclude Include="UIInput.h">
      <Filter>UI\Elements</Filter>
    </ClInclude>
    <ClInclude Include="UIScrollBar.h">
      <Filter>UI\Elements</Filter>
    </ClInclude>
    <ClInclude Include="UIFile.h">
      <Filter>UI</Filter>
    </ClInclude>
    <ClInclude Include="Engine.h">
      <Filter>General</Filter>
    </ClInclude>
    <ClInclude Include="GameState.h">
      <Filter>General</Filter>
    </ClInclude>
    <ClInclude Include="GameState_Empty.h">
      <Filter>General</Filter>
    </ClInclude>
    <ClInclude Include="ConsoleOpenGL.h">
      <Filter>General</Filter>
    </ClInclude>
    <ClInclude Include="..\shared\owGame.h" />
    <ClInclude Include="stdafx.h" />
  </ItemGroup>
</Project>