<?xml version="1.0" encoding="utf-8"?>
<Project ToolsVersion="4.0" xmlns="http://schemas.microsoft.com/developer/msbuild/2003">
  <ItemGroup>
    <Filter Include="Module">
      <UniqueIdentifier>{0aac1f61-7524-4d73-a6d5-ac5839c221d8}</UniqueIdentifier>
    </Filter>
    <Filter Include="Modules">
      <UniqueIdentifier>{4aa1f860-699a-4d6b-8666-bec8a72cc459}</UniqueIdentifier>
    </Filter>
    <Filter Include="Modules\Engine Config">
      <UniqueIdentifier>{35b2f0fd-f641-4615-afb4-a501e7934900}</UniqueIdentifier>
    </Filter>
    <Filter Include="Modules\Resource Manager">
      <UniqueIdentifier>{c7b2f916-0dad-48d0-b7f5-33e8dc424232}</UniqueIdentifier>
    </Filter>
    <Filter Include="Modules\Input">
      <UniqueIdentifier>{99cc3793-975f-4c86-9eee-6ca69f13a6d3}</UniqueIdentifier>
    </Filter>
    <Filter Include="Objects bindings">
      <UniqueIdentifier>{680fac37-3ad8-4dee-8e50-970c2b108e10}</UniqueIdentifier>
    </Filter>
    <Filter Include="Files">
      <UniqueIdentifier>{781db389-d5b3-4a55-adb5-b3932aa0f29d}</UniqueIdentifier>
    </Filter>
    <Filter Include="Objects bindings\InputListener">
      <UniqueIdentifier>{f400cd3d-efd4-46f3-8112-839652569195}</UniqueIdentifier>
    </Filter>
    <Filter Include="Objects bindings\RenderableUI">
      <UniqueIdentifier>{ad7d491c-30d8-4ae5-87a9-05c22024d8b0}</UniqueIdentifier>
    </Filter>
    <Filter Include="Objects bindings\Updatable">
      <UniqueIdentifier>{fff12d46-8046-4520-a392-ec2dd7cea339}</UniqueIdentifier>
    </Filter>
    <Filter Include="Modules\Log">
      <UniqueIdentifier>{ef746966-5439-4659-9eaa-b5406a1f5be7}</UniqueIdentifier>
    </Filter>
    <Filter Include="Modules\Log\Common">
      <UniqueIdentifier>{154efe91-d5a0-4a4d-9b1d-d053b1d5228b}</UniqueIdentifier>
    </Filter>
  </ItemGroup>
  <ItemGroup>
    <ClCompile Include="Input.cpp">
      <Filter>Modules\Input</Filter>
    </ClCompile>
    <ClCompile Include="stdafx.cpp" />
    <ClCompile Include="EngineConfig.cpp">
      <Filter>Modules\Engine Config</Filter>
    </ClCompile>
    <ClCompile Include="Console.cpp">
      <Filter>Modules\Log\Common</Filter>
    </ClCompile>
    <ClCompile Include="DebugOutput.cpp">
      <Filter>Modules\Log\Common</Filter>
    </ClCompile>
    <ClCompile Include="ResourcesManager.cpp">
      <Filter>Modules\Resource Manager</Filter>
    </ClCompile>
    <ClCompile Include="Modules.cpp">
      <Filter>Module</Filter>
    </ClCompile>
    <ClCompile Include="Module.cpp">
      <Filter>Module</Filter>
    </ClCompile>
    <ClCompile Include="InputListener.cpp">
      <Filter>Objects bindings\InputListener</Filter>
    </ClCompile>
    <ClCompile Include="InputListenerCollection.cpp">
      <Filter>Objects bindings\InputListener</Filter>
    </ClCompile>
    <ClCompile Include="RenderableUIObject.cpp">
      <Filter>Objects bindings\RenderableUI</Filter>
    </ClCompile>
    <ClCompile Include="RenderableUIObjectCollection.cpp">
      <Filter>Objects bindings\RenderableUI</Filter>
    </ClCompile>
    <ClCompile Include="UpdatableObject.cpp">
      <Filter>Objects bindings\Updatable</Filter>
    </ClCompile>
    <ClCompile Include="UpdatableObjectCollection.cpp">
      <Filter>Objects bindings\Updatable</Filter>
    </ClCompile>
    <ClCompile Include="Log.cpp">
      <Filter>Modules\Log</Filter>
    </ClCompile>
  </ItemGroup>
  <ItemGroup>
    <ClInclude Include="Input.h">
      <Filter>Modules\Input</Filter>
    </ClInclude>
    <ClInclude Include="..\shared\owCore.h" />
    <ClInclude Include="stdafx.h" />
    <ClInclude Include="InputKeys.h">
      <Filter>Modules\Input</Filter>
    </ClInclude>
    <ClInclude Include="EngineConfig.h">
      <Filter>Modules\Engine Config</Filter>
    </ClInclude>
    <ClInclude Include="Console.h">
      <Filter>Modules\Log\Common</Filter>
    </ClInclude>
    <ClInclude Include="DebugOutput.h">
      <Filter>Modules\Log\Common</Filter>
    </ClInclude>
    <ClInclude Include="ResourcesManager.h">
      <Filter>Modules\Resource Manager</Filter>
    </ClInclude>
    <ClInclude Include="Module.h">
      <Filter>Module</Filter>
    </ClInclude>
    <ClInclude Include="Modules.h">
      <Filter>Module</Filter>
    </ClInclude>
    <ClInclude Include="common.h" />
    <ClInclude Include="InputListener.h">
      <Filter>Objects bindings\InputListener</Filter>
    </ClInclude>
    <ClInclude Include="InputListenerCollection.h">
      <Filter>Objects bindings\InputListener</Filter>
    </ClInclude>
    <ClInclude Include="RenderableUIObjectCollection.h">
      <Filter>Objects bindings\RenderableUI</Filter>
    </ClInclude>
    <ClInclude Include="RenderableUIObject.h">
      <Filter>Objects bindings\RenderableUI</Filter>
    </ClInclude>
    <ClInclude Include="UpdatableObject.h">
      <Filter>Objects bindings\Updatable</Filter>
    </ClInclude>
    <ClInclude Include="UpdatableObjectCollection.h">
      <Filter>Objects bindings\Updatable</Filter>
    </ClInclude>
    <ClInclude Include="Log.h">
      <Filter>Modules\Log</Filter>
    </ClInclude>
  </ItemGroup>
</Project>