<?xml version="1.0" encoding="utf-8"?>
<Project ToolsVersion="4.0" xmlns="http://schemas.microsoft.com/developer/msbuild/2003">
  <ItemGroup>
    <ClCompile Include="stdafx.cpp" />
    <ClCompile Include="Model_Instance.cpp">
      <Filter>Instances</Filter>
    </ClCompile>
    <ClCompile Include="WMO_Instance.cpp">
      <Filter>Instances</Filter>
    </ClCompile>
    <ClCompile Include="Map.cpp">
      <Filter>Map</Filter>
    </ClCompile>
    <ClCompile Include="Map_GlobalWMOs.cpp">
      <Filter>Map</Filter>
    </ClCompile>
    <ClCompile Include="MapChunk.cpp">
      <Filter>Map</Filter>
    </ClCompile>
    <ClCompile Include="MapTile.cpp">
      <Filter>Map</Filter>
    </ClCompile>
    <ClCompile Include="MapWaterChunk.cpp">
      <Filter>Map</Filter>
    </ClCompile>
    <ClCompile Include="MapsManager.cpp">
      <Filter>Map</Filter>
    </ClCompile>
  </ItemGroup>
  <ItemGroup>
    <ClInclude Include="stdafx.h" />
    <ClInclude Include="..\shared\owMap.h" />
    <ClInclude Include="Model_Instance.h">
      <Filter>Instances</Filter>
    </ClInclude>
    <ClInclude Include="WMO_Instance.h">
      <Filter>Instances</Filter>
    </ClInclude>
    <ClInclude Include="Map.h">
      <Filter>Map</Filter>
    </ClInclude>
    <ClInclude Include="Map_GlobalWMOs.h">
      <Filter>Map</Filter>
    </ClInclude>
    <ClInclude Include="MapChunk.h">
      <Filter>Map</Filter>
    </ClInclude>
    <ClInclude Include="MapTile.h">
      <Filter>Map</Filter>
    </ClInclude>
    <ClInclude Include="MapWaterChunk.h">
      <Filter>Map</Filter>
    </ClInclude>
    <ClInclude Include="MapsManager.h">
      <Filter>Map</Filter>
    </ClInclude>
  </ItemGroup>
  <ItemGroup>
    <Filter Include="Instances">
      <UniqueIdentifier>{3cfa29fa-5152-45ec-be34-43b567496748}</UniqueIdentifier>
    </Filter>
    <Filter Include="Map">
      <UniqueIdentifier>{2ec49cb3-5ded-4c68-a7be-1a56f13f0ab3}</UniqueIdentifier>
    </Filter>
  </ItemGroup>
</Project>